{
  "name": "asp.net",
  "version": "1.0.0",
  "lockfileVersion": 2,
  "requires": true,
  "packages": {
    "": {
      "name": "asp.net",
      "version": "1.0.0",
      "dependencies": {
        "bootstrap": "^5.2.2",
        "jquery": "^3.6.1",
        "jquery-validate": "^2.0.0",
        "jquery-validation-unobtrusive": "^4.0.0",
        "jquery.validate-mini": "^1.0.0"
      }
    },
    "node_modules/@popperjs/core": {
      "version": "2.11.6",
      "resolved": "https://registry.npmjs.org/@popperjs/core/-/core-2.11.6.tgz",
      "integrity": "sha512-50/17A98tWUfQ176raKiOGXuYpLyyVMkxxG6oylzL3BPOlA6ADGdK7EYunSa4I064xerltq9TGXs8HmOk5E+vw==",
      "peer": true,
      "funding": {
        "type": "opencollective",
        "url": "https://opencollective.com/popperjs"
      }
    },
    "node_modules/bootstrap": {
      "version": "5.2.2",
      "resolved": "https://registry.npmjs.org/bootstrap/-/bootstrap-5.2.2.tgz",
      "integrity": "sha512-dEtzMTV71n6Fhmbg4fYJzQsw1N29hJKO1js5ackCgIpDcGid2ETMGC6zwSYw09v05Y+oRdQ9loC54zB1La3hHQ==",
      "funding": [
        {
          "type": "github",
          "url": "https://github.com/sponsors/twbs"
        },
        {
          "type": "opencollective",
          "url": "https://opencollective.com/bootstrap"
        }
      ],
      "peerDependencies": {
        "@popperjs/core": "^2.11.6"
      }
    },
    "node_modules/jquery": {
      "version": "3.6.1",
      "resolved": "https://registry.npmjs.org/jquery/-/jquery-3.6.1.tgz",
      "integrity": "sha512-opJeO4nCucVnsjiXOE+/PcCgYw9Gwpvs/a6B1LL/lQhwWwpbVEVYDZ1FokFr8PRc7ghYlrFPuyHuiiDNTQxmcw=="
    },
    "node_modules/jquery-validate": {
      "version": "2.0.0",
      "resolved": "https://registry.npmjs.org/jquery-validate/-/jquery-validate-2.0.0.tgz",
      "integrity": "sha512-vNyF7isorlMhpvOqEY+5gLGoTA3/iXTcvQPi7yPBnPuma51DA2SLWWVum/e8qSn2bbAF60KrApnfVvibxBaM6g==",
      "deprecated": "Package abandoned, contact support@npmjs.com for more info."
    },
    "node_modules/jquery-validation": {
      "version": "1.19.5",
      "resolved": "https://registry.npmjs.org/jquery-validation/-/jquery-validation-1.19.5.tgz",
      "integrity": "sha512-X2SmnPq1mRiDecVYL8edWx+yTBZDyC8ohWXFhXdtqFHgU9Wd4KHkvcbCoIZ0JaSaumzS8s2gXSkP8F7ivg/8ZQ==",
      "peerDependencies": {
        "jquery": "^1.7 || ^2.0 || ^3.1"
      }
    },
    "node_modules/jquery-validation-unobtrusive": {
      "version": "4.0.0",
      "resolved": "https://registry.npmjs.org/jquery-validation-unobtrusive/-/jquery-validation-unobtrusive-4.0.0.tgz",
      "integrity": "sha512-1ervYFFv6LX/rp7ktuLnMakHNG0piNRDyROI8Ir3hL1vPIwylAehB1AY3BPrYJnzW3WmwWryZq+Bz4sazZK9iQ==",
      "dependencies": {
        "jquery": "^3.6.0",
        "jquery-validation": ">=1.19"
      }
    },
    "node_modules/jquery.validate-mini": {
      "version": "1.0.0",
      "resolved": "https://registry.npmjs.org/jquery.validate-mini/-/jquery.validate-mini-1.0.0.tgz",
      "integrity": "sha512-ZTXXp+QfFk+gLDnCATMVXBKcXH6AfCdNil7E02w0SnDgdZGNfYEv73OIZOnc5/KKd2ljJm2Xd1+K+3vth7ku9A=="
    }
  },
  "dependencies": {
    "@popperjs/core": {
      "version": "2.11.6",
      "resolved": "https://registry.npmjs.org/@popperjs/core/-/core-2.11.6.tgz",
      "integrity": "sha512-50/17A98tWUfQ176raKiOGXuYpLyyVMkxxG6oylzL3BPOlA6ADGdK7EYunSa4I064xerltq9TGXs8HmOk5E+vw==",
      "peer": true
    },
    "bootstrap": {
      "version": "5.2.2",
      "resolved": "https://registry.npmjs.org/bootstrap/-/bootstrap-5.2.2.tgz",
      "integrity": "sha512-dEtzMTV71n6Fhmbg4fYJzQsw1N29hJKO1js5ackCgIpDcGid2ETMGC6zwSYw09v05Y+oRdQ9loC54zB1La3hHQ==",
      "requires": {}
    },
    "jquery": {
      "version": "3.6.1",
      "resolved": "https://registry.npmjs.org/jquery/-/jquery-3.6.1.tgz",
      "integrity": "sha512-opJeO4nCucVnsjiXOE+/PcCgYw9Gwpvs/a6B1LL/lQhwWwpbVEVYDZ1FokFr8PRc7ghYlrFPuyHuiiDNTQxmcw=="
    },
    "jquery-validate": {
      "version": "2.0.0",
      "resolved": "https://registry.npmjs.org/jquery-validate/-/jquery-validate-2.0.0.tgz",
      "integrity": "sha512-vNyF7isorlMhpvOqEY+5gLGoTA3/iXTcvQPi7yPBnPuma51DA2SLWWVum/e8qSn2bbAF60KrApnfVvibxBaM6g=="
    },
    "jquery-validation": {
      "version": "1.19.5",
      "resolved": "https://registry.npmjs.org/jquery-validation/-/jquery-validation-1.19.5.tgz",
      "integrity": "sha512-X2SmnPq1mRiDecVYL8edWx+yTBZDyC8ohWXFhXdtqFHgU9Wd4KHkvcbCoIZ0JaSaumzS8s2gXSkP8F7ivg/8ZQ==",
      "requires": {}
    },
    "jquery-validation-unobtrusive": {
      "version": "4.0.0",
      "resolved": "https://registry.npmjs.org/jquery-validation-unobtrusive/-/jquery-validation-unobtrusive-4.0.0.tgz",
      "integrity": "sha512-1ervYFFv6LX/rp7ktuLnMakHNG0piNRDyROI8Ir3hL1vPIwylAehB1AY3BPrYJnzW3WmwWryZq+Bz4sazZK9iQ==",
      "requires": {
        "jquery": "^3.6.0",
        "jquery-validation": ">=1.19"
      }
    },
    "jquery.validate-mini": {
      "version": "1.0.0",
      "resolved": "https://registry.npmjs.org/jquery.validate-mini/-/jquery.validate-mini-1.0.0.tgz",
      "integrity": "sha512-ZTXXp+QfFk+gLDnCATMVXBKcXH6AfCdNil7E02w0SnDgdZGNfYEv73OIZOnc5/KKd2ljJm2Xd1+K+3vth7ku9A=="
    }
  }
}
